
Microsoft Visual Studio Solution File, Format Version 12.00
# Visual Studio 15
VisualStudioVersion = 15.0.27004.2009
MinimumVisualStudioVersion = 10.0.40219.1
Project("{FAE04EC0-301F-11D3-BF4B-00C04F79EFBC}") = "Bridge", "Bridge\Bridge.csproj", "{CCED437E-0B91-4023-B8ED-BE84C1C032FE}"
EndProject
Global
	GlobalSection(SolutionConfigurationPlatforms) = preSolution
		Debug|Any CPU = Debug|Any CPU
		Release|Any CPU = Release|Any CPU
	EndGlobalSection
	GlobalSection(ProjectConfigurationPlatforms) = postSolution
		{CCED437E-0B91-4023-B8ED-BE84C1C032FE}.Debug|Any CPU.ActiveCfg = Debug|Any CPU
		{CCED437E-0B91-4023-B8ED-BE84C1C032FE}.Debug|Any CPU.Build.0 = Debug|Any CPU
		{CCED437E-0B91-4023-B8ED-BE84C1C032FE}.Release|Any CPU.ActiveCfg = Release|Any CPU
		{CCED437E-0B91-4023-B8ED-BE84C1C032FE}.Release|Any CPU.Build.0 = Release|Any CPU
	EndGlobalSection
	GlobalSection(SolutionProperties) = preSolution
		HideSolutionNode = FALSE
	EndGlobalSection
	GlobalSection(ExtensibilityGlobals) = postSolution
		SolutionGuid = {A1F114A0-31EA-466B-81AC-CA9AF1DD7FB0}
	EndGlobalSection
EndGlobal
